{
  "name": "workspace",
  "lockfileVersion": 3,
  "requires": true,
  "packages": {
    "": {
      "dependencies": {
        "react-body-selector": "^1.0.2"
      }
    },
    "node_modules/react-body-selector": {
      "version": "1.0.2",
      "resolved": "https://registry.npmjs.org/react-body-selector/-/react-body-selector-1.0.2.tgz",
      "integrity": "sha512-kvXHVkfbcl6hm3euc3zyyT9DMFWZgJh1gt8qbT7uBGcMH7yj3Xml+nEEAxuw+Hg2lA97J9ut2SbIKd9UqhrT0Q==",
      "license": "MIT",
      "peerDependencies": {
        "react": "^18.3.1",
        "react-dom": "^18.3.1"
      }
    }
  }
}
